
Microsoft Visual Studio Solution File, Format Version 12.00
# Visual Studio Version 16
VisualStudioVersion = 16.0.31005.135
MinimumVisualStudioVersion = 10.0.40219.1
Project("{FAE04EC0-301F-11D3-BF4B-00C04F79EFBC}") = "BBH - V1", "BBH - V1\BBH - V1.csproj", "{D107E5CD-FD7F-46AC-96CA-607E6E205E65}"
EndProject
Global
	GlobalSection(SolutionConfigurationPlatforms) = preSolution
		Debug|Any CPU = Debug|Any CPU
		Release|Any CPU = Release|Any CPU
	EndGlobalSection
	GlobalSection(ProjectConfigurationPlatforms) = postSolution
		{D107E5CD-FD7F-46AC-96CA-607E6E205E65}.Debug|Any CPU.ActiveCfg = Debug|Any CPU
		{D107E5CD-FD7F-46AC-96CA-607E6E205E65}.Debug|Any CPU.Build.0 = Debug|Any CPU
		{D107E5CD-FD7F-46AC-96CA-607E6E205E65}.Release|Any CPU.ActiveCfg = Release|Any CPU
		{D107E5CD-FD7F-46AC-96CA-607E6E205E65}.Release|Any CPU.Build.0 = Release|Any CPU
	EndGlobalSection
	GlobalSection(SolutionProperties) = preSolution
		HideSolutionNode = FALSE
	EndGlobalSection
	GlobalSection(ExtensibilityGlobals) = postSolution
		SolutionGuid = {DEB9E876-729F-4FE9-AF3A-0C197C5D7012}
	EndGlobalSection
EndGlobal
